{
	"lockfileVersion": 1,
	"dependencies": {
		"bluebird": {
			"version": "3.5.0",
			"resolved": "https://registry.npmjs.org/bluebird/-/bluebird-3.5.0.tgz",
			"integrity": "sha1-eRQg1/VR7qKJdFOop3ZT+WYG1nw="
		},
		"cron": {
			"version": "1.2.1",
			"resolved": "https://registry.npmjs.org/cron/-/cron-1.2.1.tgz",
			"integrity": "sha1-OobAm0G48mGshjp8yF6kc1hX6rI="
		},
		"hoek": {
			"version": "4.1.1",
			"resolved": "https://registry.npmjs.org/hoek/-/hoek-4.1.1.tgz",
			"integrity": "sha1-nMVz/7ore0CPtenCoTeWvpTN3Ok="
		},
		"isemail": {
			"version": "2.2.1",
			"resolved": "https://registry.npmjs.org/isemail/-/isemail-2.2.1.tgz",
			"integrity": "sha1-A1PT2aYpUQgMJiwqoKQrjqjp4qY="
		},
		"items": {
			"version": "2.1.1",
			"resolved": "https://registry.npmjs.org/items/-/items-2.1.1.tgz",
			"integrity": "sha1-i9FtnIOxlSneWuoyGsqtp4NkoZg="
		},
		"joi": {
			"version": "9.2.0",
			"resolved": "https://registry.npmjs.org/joi/-/joi-9.2.0.tgz",
			"integrity": "sha1-M4WseQGSEwy+Iw6ALsAskhW7/to="
		},
		"moment": {
			"version": "2.18.1",
			"resolved": "https://registry.npmjs.org/moment/-/moment-2.18.1.tgz",
			"integrity": "sha1-w2GT3Tzhwu7SrbfIAtu8d6gbHA8="
		},
		"moment-timezone": {
			"version": "0.5.13",
			"resolved": "https://registry.npmjs.org/moment-timezone/-/moment-timezone-0.5.13.tgz",
			"integrity": "sha1-mc5cfYJyYusPH3AgRBd/YHRde5A="
		},
		"topo": {
			"version": "2.0.2",
			"resolved": "https://registry.npmjs.org/topo/-/topo-2.0.2.tgz",
			"integrity": "sha1-zVYVdSU5BXwNwEkaYhw7xvvh0YI="
		}
	}
}
