{
	"name": "vudash-widget-time",
	"version": "8.1.2",
	"lockfileVersion": 1,
	"requires": true,
	"dependencies": {
		"bluebird": {
			"version": "3.5.1",
			"resolved": "https://registry.npmjs.org/bluebird/-/bluebird-3.5.1.tgz",
			"integrity": "sha512-MKiLiV+I1AA596t9w1sQJ8jkiSr5+ZKi0WKrYGUn6d1Fx+Ij4tIj+m2WMQSGczs5jZVxV339chE8iwk6F64wjA=="
		},
		"cron": {
			"version": "1.3.0",
			"resolved": "https://registry.npmjs.org/cron/-/cron-1.3.0.tgz",
			"integrity": "sha512-K/SF7JlgMmNjcThWxkKvsHhey2EDB4CeOEWJ9aXWj3fbQJppsvTPIeyLdHfNq5IbbsMUUjRW1nr5dSO95f2E4w==",
			"requires": {
				"moment-timezone": "0.5.13"
			}
		},
		"hoek": {
			"version": "4.2.0",
			"resolved": "https://registry.npmjs.org/hoek/-/hoek-4.2.0.tgz",
			"integrity": "sha512-v0XCLxICi9nPfYrS9RL8HbYnXi9obYAeLbSP00BmnZwCK9+Ih9WOjoZ8YoHCoav2csqn4FOz4Orldsy2dmDwmQ=="
		},
		"isemail": {
			"version": "2.2.1",
			"resolved": "https://registry.npmjs.org/isemail/-/isemail-2.2.1.tgz",
			"integrity": "sha1-A1PT2aYpUQgMJiwqoKQrjqjp4qY="
		},
		"items": {
			"version": "2.1.1",
			"resolved": "https://registry.npmjs.org/items/-/items-2.1.1.tgz",
			"integrity": "sha1-i9FtnIOxlSneWuoyGsqtp4NkoZg="
		},
		"joi": {
			"version": "9.2.0",
			"resolved": "https://registry.npmjs.org/joi/-/joi-9.2.0.tgz",
			"integrity": "sha1-M4WseQGSEwy+Iw6ALsAskhW7/to=",
			"requires": {
				"hoek": "4.2.0",
				"isemail": "2.2.1",
				"items": "2.1.1",
				"moment": "2.19.1",
				"topo": "2.0.2"
			}
		},
		"moment": {
			"version": "2.19.1",
			"resolved": "https://registry.npmjs.org/moment/-/moment-2.19.1.tgz",
			"integrity": "sha1-VtoaLRy/AdOLfhr8McELz6GSkWc="
		},
		"moment-timezone": {
			"version": "0.5.13",
			"resolved": "https://registry.npmjs.org/moment-timezone/-/moment-timezone-0.5.13.tgz",
			"integrity": "sha1-mc5cfYJyYusPH3AgRBd/YHRde5A=",
			"requires": {
				"moment": "2.19.1"
			}
		},
		"topo": {
			"version": "2.0.2",
			"resolved": "https://registry.npmjs.org/topo/-/topo-2.0.2.tgz",
			"integrity": "sha1-zVYVdSU5BXwNwEkaYhw7xvvh0YI=",
			"requires": {
				"hoek": "4.2.0"
			}
		}
	}
}
