# THIS IS AN AUTOGENERATED FILE. DO NOT EDIT THIS FILE DIRECTLY.
# yarn lockfile v1


bluebird@^3.4.6:
  version "3.5.0"
  resolved "https://registry.yarnpkg.com/bluebird/-/bluebird-3.5.0.tgz#791420d7f551eea2897453a8a77653f96606d67c"

cron@^1.1.1:
  version "1.2.1"
  resolved "https://registry.yarnpkg.com/cron/-/cron-1.2.1.tgz#3a86c09b41b8f261ac863a7cc85ea4735857eab2"
  dependencies:
    moment-timezone "^0.5.x"

hoek@4.x.x, hoek@^4.1.0:
  version "4.1.1"
  resolved "https://registry.yarnpkg.com/hoek/-/hoek-4.1.1.tgz#9cc573ffba2b7b408fb5e9c2a13796be94cddce9"

isemail@2.x.x:
  version "2.2.1"
  resolved "https://registry.yarnpkg.com/isemail/-/isemail-2.2.1.tgz#0353d3d9a62951080c262c2aa0a42b8ea8e9e2a6"

items@2.x.x:
  version "2.1.1"
  resolved "https://registry.yarnpkg.com/items/-/items-2.1.1.tgz#8bd16d9c83b19529de5aea321acaada78364a198"

joi@^9.2.0:
  version "9.2.0"
  resolved "https://registry.yarnpkg.com/joi/-/joi-9.2.0.tgz#3385ac790192130cbe230e802ec02c9215bbfeda"
  dependencies:
    hoek "4.x.x"
    isemail "2.x.x"
    items "2.x.x"
    moment "2.x.x"
    topo "2.x.x"

moment-timezone@^0.5.13, moment-timezone@^0.5.x:
  version "0.5.13"
  resolved "https://registry.yarnpkg.com/moment-timezone/-/moment-timezone-0.5.13.tgz#99ce5c7d827262eb0f1f702044177f60745d7b90"
  dependencies:
    moment ">= 2.9.0"

moment@2.x.x, "moment@>= 2.9.0", moment@^2.13.0:
  version "2.18.1"
  resolved "https://registry.yarnpkg.com/moment/-/moment-2.18.1.tgz#c36193dd3ce1c2eed2adb7c802dbbc77a81b1c0f"

topo@2.x.x:
  version "2.0.2"
  resolved "https://registry.yarnpkg.com/topo/-/topo-2.0.2.tgz#cd5615752539057c0dc0491a621c3bc6fbe1d182"
  dependencies:
    hoek "4.x.x"
