{
  "requires": true,
  "lockfileVersion": 1,
  "dependencies": {
    "jq-web": {
      "version": "0.2.0",
      "resolved": "https://registry.npmjs.org/jq-web/-/jq-web-0.2.0.tgz",
      "integrity": "sha512-zS0MuMvxwhG2f6U5Vwem5mEOTXqSOoN6qhCBe2qtQ3/nOSy40GdN1Rb7G5auguYaWb0nNoatQLpnAGBnSwobzw=="
    }
  }
}
