{
  "name": "@vudash/transformer-map",
  "version": "9.8.0",
  "lockfileVersion": 1,
  "requires": true,
  "dependencies": {
    "hoek": {
      "version": "4.2.0",
      "resolved": "https://registry.npmjs.org/hoek/-/hoek-4.2.0.tgz",
      "integrity": "sha512-v0XCLxICi9nPfYrS9RL8HbYnXi9obYAeLbSP00BmnZwCK9+Ih9WOjoZ8YoHCoav2csqn4FOz4Orldsy2dmDwmQ=="
    },
    "reorient": {
      "version": "2.1.0",
      "resolved": "https://registry.npmjs.org/reorient/-/reorient-2.1.0.tgz",
      "integrity": "sha512-S90EL4gP7pG0JHUzbDQC3n81SNvKbBAeSMCJlECt+ORxN36TSNFQ9YCMeS6Tz/IWVFyAOdDzZSP5+XSZTtywiQ==",
      "requires": {
        "hoek": "4.2.0"
      }
    }
  }
}
